<Solution>
  <Folder Name="/Solution Items/">
    <File Path=".editorconfig" />
    <File Path="Directory.Build.props" />
    <File Path="Directory.Packages.props" />
  </Folder>
  <Project Path="docker-compose.dcproj">
    <Build />
  </Project>
  <Project Path="EVEMorgue.API/EVEMorgue.API.csproj" Id="6816076c-02e6-429a-9286-35f9337c169f" />
  <Project Path="EVEMorgue.Core/EVEMorgue.Core.csproj" />
  <Project Path="EVEMorgue.Infrastructure/EVEMorgue.Infrastructure.csproj" />
</Solution>